
Microsoft Visual Studio Solution File, Format Version 12.00
# Visual Studio Version 17
VisualStudioVersion = 17.3.32922.545
MinimumVisualStudioVersion = 10.0.40219.1
Project("{FAE04EC0-301F-11D3-BF4B-00C04F79EFBC}") = "Read to array", "Read to array\Read to array.csproj", "{8758A736-6392-4754-9A40-8CBF8D433B48}"
EndProject
Global
	GlobalSection(SolutionConfigurationPlatforms) = preSolution
		Debug|Any CPU = Debug|Any CPU
		Release|Any CPU = Release|Any CPU
	EndGlobalSection
	GlobalSection(ProjectConfigurationPlatforms) = postSolution
		{8758A736-6392-4754-9A40-8CBF8D433B48}.Debug|Any CPU.ActiveCfg = Debug|Any CPU
		{8758A736-6392-4754-9A40-8CBF8D433B48}.Debug|Any CPU.Build.0 = Debug|Any CPU
		{8758A736-6392-4754-9A40-8CBF8D433B48}.Release|Any CPU.ActiveCfg = Release|Any CPU
		{8758A736-6392-4754-9A40-8CBF8D433B48}.Release|Any CPU.Build.0 = Release|Any CPU
	EndGlobalSection
	GlobalSection(SolutionProperties) = preSolution
		HideSolutionNode = FALSE
	EndGlobalSection
	GlobalSection(ExtensibilityGlobals) = postSolution
		SolutionGuid = {D15939E6-D3AA-47A4-BAFB-7334AEC6080F}
	EndGlobalSection
EndGlobal
